
Microsoft Visual Studio Solution File, Format Version 12.00
# Visual Studio Version 17
VisualStudioVersion = 17.8.34408.163
MinimumVisualStudioVersion = 10.0.40219.1
Project("{FAE04EC0-301F-11D3-BF4B-00C04F79EFBC}") = "Tools", "Tools\Tools.csproj", "{A070DDAB-F097-4EF9-940B-10D28EC7A05B}"
EndProject
Project("{FAE04EC0-301F-11D3-BF4B-00C04F79EFBC}") = "Tools.RabbitMq", "Tools.RabbitMq\Tools.RabbitMq.csproj", "{DC2DE039-8619-4981-A9EE-92AC365805B9}"
EndProject
Project("{FAE04EC0-301F-11D3-BF4B-00C04F79EFBC}") = "Tools.Logging", "Tools.Logging\Tools.Logging.csproj", "{CC944F99-2ABE-464D-A11C-B424CEAEEEE8}"
EndProject
Project("{FAE04EC0-301F-11D3-BF4B-00C04F79EFBC}") = "Tools.Database", "Tools.Database\Tools.Database.csproj", "{956CA6A8-A7B9-41BD-9B49-6EC28CE7765A}"
EndProject
Global
	GlobalSection(SolutionConfigurationPlatforms) = preSolution
		Debug|Any CPU = Debug|Any CPU
		Release|Any CPU = Release|Any CPU
	EndGlobalSection
	GlobalSection(ProjectConfigurationPlatforms) = postSolution
		{A070DDAB-F097-4EF9-940B-10D28EC7A05B}.Debug|Any CPU.ActiveCfg = Debug|Any CPU
		{A070DDAB-F097-4EF9-940B-10D28EC7A05B}.Debug|Any CPU.Build.0 = Debug|Any CPU
		{A070DDAB-F097-4EF9-940B-10D28EC7A05B}.Release|Any CPU.ActiveCfg = Release|Any CPU
		{A070DDAB-F097-4EF9-940B-10D28EC7A05B}.Release|Any CPU.Build.0 = Release|Any CPU
		{DC2DE039-8619-4981-A9EE-92AC365805B9}.Debug|Any CPU.ActiveCfg = Debug|Any CPU
		{DC2DE039-8619-4981-A9EE-92AC365805B9}.Debug|Any CPU.Build.0 = Debug|Any CPU
		{DC2DE039-8619-4981-A9EE-92AC365805B9}.Release|Any CPU.ActiveCfg = Release|Any CPU
		{DC2DE039-8619-4981-A9EE-92AC365805B9}.Release|Any CPU.Build.0 = Release|Any CPU
		{CC944F99-2ABE-464D-A11C-B424CEAEEEE8}.Debug|Any CPU.ActiveCfg = Debug|Any CPU
		{CC944F99-2ABE-464D-A11C-B424CEAEEEE8}.Debug|Any CPU.Build.0 = Debug|Any CPU
		{CC944F99-2ABE-464D-A11C-B424CEAEEEE8}.Release|Any CPU.ActiveCfg = Release|Any CPU
		{CC944F99-2ABE-464D-A11C-B424CEAEEEE8}.Release|Any CPU.Build.0 = Release|Any CPU
		{956CA6A8-A7B9-41BD-9B49-6EC28CE7765A}.Debug|Any CPU.ActiveCfg = Debug|Any CPU
		{956CA6A8-A7B9-41BD-9B49-6EC28CE7765A}.Debug|Any CPU.Build.0 = Debug|Any CPU
		{956CA6A8-A7B9-41BD-9B49-6EC28CE7765A}.Release|Any CPU.ActiveCfg = Release|Any CPU
		{956CA6A8-A7B9-41BD-9B49-6EC28CE7765A}.Release|Any CPU.Build.0 = Release|Any CPU
	EndGlobalSection
	GlobalSection(SolutionProperties) = preSolution
		HideSolutionNode = FALSE
	EndGlobalSection
	GlobalSection(ExtensibilityGlobals) = postSolution
		SolutionGuid = {3582076C-9815-4EE3-9F01-178F8E7ACA8C}
	EndGlobalSection
EndGlobal
